
Microsoft Visual Studio Solution File, Format Version 12.00
# Visual Studio 2012
Project("{FAE04EC0-301F-11D3-BF4B-00C04F79EFBC}") = "pxNetAdapter", "pxNetAdapter\pxNetAdapter.csproj", "{F1E0F092-F252-449B-88A6-157B978196B1}"
EndProject
Project("{FAE04EC0-301F-11D3-BF4B-00C04F79EFBC}") = "pxConnectorConsole", "pxConnectorConsole\pxConnectorConsole.csproj", "{C096D4FA-CAE9-4112-B7BC-41342521B14F}"
EndProject
Project("{FAE04EC0-301F-11D3-BF4B-00C04F79EFBC}") = "NinjaTrader.Hosted", "NinjaTrader.Hosted\NinjaTrader.Hosted.csproj", "{709B4742-A857-4135-8070-D444B3594BAF}"
EndProject
Global
	GlobalSection(SolutionConfigurationPlatforms) = preSolution
		Debug|Any CPU = Debug|Any CPU
		Release|Any CPU = Release|Any CPU
	EndGlobalSection
	GlobalSection(ProjectConfigurationPlatforms) = postSolution
		{F1E0F092-F252-449B-88A6-157B978196B1}.Debug|Any CPU.ActiveCfg = Debug|Any CPU
		{F1E0F092-F252-449B-88A6-157B978196B1}.Debug|Any CPU.Build.0 = Debug|Any CPU
		{F1E0F092-F252-449B-88A6-157B978196B1}.Release|Any CPU.ActiveCfg = Release|Any CPU
		{F1E0F092-F252-449B-88A6-157B978196B1}.Release|Any CPU.Build.0 = Release|Any CPU
		{C096D4FA-CAE9-4112-B7BC-41342521B14F}.Debug|Any CPU.ActiveCfg = Debug|Any CPU
		{C096D4FA-CAE9-4112-B7BC-41342521B14F}.Debug|Any CPU.Build.0 = Debug|Any CPU
		{C096D4FA-CAE9-4112-B7BC-41342521B14F}.Release|Any CPU.ActiveCfg = Release|Any CPU
		{C096D4FA-CAE9-4112-B7BC-41342521B14F}.Release|Any CPU.Build.0 = Release|Any CPU
		{709B4742-A857-4135-8070-D444B3594BAF}.Debug|Any CPU.ActiveCfg = Debug|Any CPU
		{709B4742-A857-4135-8070-D444B3594BAF}.Debug|Any CPU.Build.0 = Debug|Any CPU
		{709B4742-A857-4135-8070-D444B3594BAF}.Release|Any CPU.ActiveCfg = Release|Any CPU
		{709B4742-A857-4135-8070-D444B3594BAF}.Release|Any CPU.Build.0 = Release|Any CPU
	EndGlobalSection
	GlobalSection(SolutionProperties) = preSolution
		HideSolutionNode = FALSE
	EndGlobalSection
EndGlobal
